
Microsoft Visual Studio Solution File, Format Version 12.00
# Visual Studio 15
VisualStudioVersion = 15.0.28307.572
MinimumVisualStudioVersion = 10.0.40219.1
Project("{FAE04EC0-301F-11D3-BF4B-00C04F79EFBC}") = "Simplex", "Simplex\Simplex.csproj", "{7FFAF498-AFFC-4FB6-A332-43451B93EEF9}"
EndProject
Global
	GlobalSection(SolutionConfigurationPlatforms) = preSolution
		Debug|Any CPU = Debug|Any CPU
		Release|Any CPU = Release|Any CPU
	EndGlobalSection
	GlobalSection(ProjectConfigurationPlatforms) = postSolution
		{7FFAF498-AFFC-4FB6-A332-43451B93EEF9}.Debug|Any CPU.ActiveCfg = Debug|Any CPU
		{7FFAF498-AFFC-4FB6-A332-43451B93EEF9}.Debug|Any CPU.Build.0 = Debug|Any CPU
		{7FFAF498-AFFC-4FB6-A332-43451B93EEF9}.Release|Any CPU.ActiveCfg = Release|Any CPU
		{7FFAF498-AFFC-4FB6-A332-43451B93EEF9}.Release|Any CPU.Build.0 = Release|Any CPU
	EndGlobalSection
	GlobalSection(SolutionProperties) = preSolution
		HideSolutionNode = FALSE
	EndGlobalSection
	GlobalSection(ExtensibilityGlobals) = postSolution
		SolutionGuid = {05379540-4408-4FEF-9429-DC48F0AD9DAB}
	EndGlobalSection
EndGlobal
